
Microsoft Visual Studio Solution File, Format Version 12.00
# Visual Studio Version 17
VisualStudioVersion = 17.9.34723.18
MinimumVisualStudioVersion = 10.0.40219.1
Project("{FAE04EC0-301F-11D3-BF4B-00C04F79EFBC}") = "Laboratorul 7 Exercitii Curs", "Laboratorul 7 Exercitii Curs.csproj", "{EBB95AA5-B74A-483F-AF48-748F62D5B08C}"
EndProject
Project("{FAE04EC0-301F-11D3-BF4B-00C04F79EFBC}") = "Team 2", "..\Team 2\Team 2.csproj", "{028718B1-302F-4BEF-AB61-BA5BA75672BC}"
EndProject
Global
	GlobalSection(SolutionConfigurationPlatforms) = preSolution
		Debug|Any CPU = Debug|Any CPU
		Release|Any CPU = Release|Any CPU
	EndGlobalSection
	GlobalSection(ProjectConfigurationPlatforms) = postSolution
		{EBB95AA5-B74A-483F-AF48-748F62D5B08C}.Debug|Any CPU.ActiveCfg = Debug|Any CPU
		{EBB95AA5-B74A-483F-AF48-748F62D5B08C}.Debug|Any CPU.Build.0 = Debug|Any CPU
		{EBB95AA5-B74A-483F-AF48-748F62D5B08C}.Release|Any CPU.ActiveCfg = Release|Any CPU
		{EBB95AA5-B74A-483F-AF48-748F62D5B08C}.Release|Any CPU.Build.0 = Release|Any CPU
		{028718B1-302F-4BEF-AB61-BA5BA75672BC}.Debug|Any CPU.ActiveCfg = Debug|Any CPU
		{028718B1-302F-4BEF-AB61-BA5BA75672BC}.Debug|Any CPU.Build.0 = Debug|Any CPU
		{028718B1-302F-4BEF-AB61-BA5BA75672BC}.Release|Any CPU.ActiveCfg = Release|Any CPU
		{028718B1-302F-4BEF-AB61-BA5BA75672BC}.Release|Any CPU.Build.0 = Release|Any CPU
	EndGlobalSection
	GlobalSection(SolutionProperties) = preSolution
		HideSolutionNode = FALSE
	EndGlobalSection
	GlobalSection(ExtensibilityGlobals) = postSolution
		SolutionGuid = {30686CF6-B787-4DDE-B4C9-78DB51F7822C}
	EndGlobalSection
EndGlobal
